
Microsoft Visual Studio Solution File, Format Version 12.00
# Visual Studio Version 16
VisualStudioVersion = 16.0.32602.291
MinimumVisualStudioVersion = 10.0.40219.1
Project("{FAE04EC0-301F-11D3-BF4B-00C04F79EFBC}") = "HotelListing", "HotelListing\HotelListing.csproj", "{DC888532-EB82-4683-9738-82ADDC0ED519}"
EndProject
Global
	GlobalSection(SolutionConfigurationPlatforms) = preSolution
		Debug|Any CPU = Debug|Any CPU
		Release|Any CPU = Release|Any CPU
	EndGlobalSection
	GlobalSection(ProjectConfigurationPlatforms) = postSolution
		{DC888532-EB82-4683-9738-82ADDC0ED519}.Debug|Any CPU.ActiveCfg = Debug|Any CPU
		{DC888532-EB82-4683-9738-82ADDC0ED519}.Debug|Any CPU.Build.0 = Debug|Any CPU
		{DC888532-EB82-4683-9738-82ADDC0ED519}.Release|Any CPU.ActiveCfg = Release|Any CPU
		{DC888532-EB82-4683-9738-82ADDC0ED519}.Release|Any CPU.Build.0 = Release|Any CPU
	EndGlobalSection
	GlobalSection(SolutionProperties) = preSolution
		HideSolutionNode = FALSE
	EndGlobalSection
	GlobalSection(ExtensibilityGlobals) = postSolution
		SolutionGuid = {76B83984-BF85-41E6-81D2-854CDB604FFF}
	EndGlobalSection
EndGlobal
